
Microsoft Visual Studio Solution File, Format Version 12.00
# Visual Studio Version 16
VisualStudioVersion = 16.0.31205.134
MinimumVisualStudioVersion = 10.0.40219.1
Project("{FAE04EC0-301F-11D3-BF4B-00C04F79EFBC}") = "Casino", "Casino.csproj", "{B67CA5A9-9315-4030-B08B-787B5C3739CA}"
EndProject
Global
	GlobalSection(SolutionConfigurationPlatforms) = preSolution
		Debug|Any CPU = Debug|Any CPU
		Release|Any CPU = Release|Any CPU
	EndGlobalSection
	GlobalSection(ProjectConfigurationPlatforms) = postSolution
		{B67CA5A9-9315-4030-B08B-787B5C3739CA}.Debug|Any CPU.ActiveCfg = Debug|Any CPU
		{B67CA5A9-9315-4030-B08B-787B5C3739CA}.Debug|Any CPU.Build.0 = Debug|Any CPU
		{B67CA5A9-9315-4030-B08B-787B5C3739CA}.Release|Any CPU.ActiveCfg = Release|Any CPU
		{B67CA5A9-9315-4030-B08B-787B5C3739CA}.Release|Any CPU.Build.0 = Release|Any CPU
	EndGlobalSection
	GlobalSection(SolutionProperties) = preSolution
		HideSolutionNode = FALSE
	EndGlobalSection
	GlobalSection(ExtensibilityGlobals) = postSolution
		SolutionGuid = {B97A6BC0-04F1-4977-99AA-2BC671125547}
	EndGlobalSection
EndGlobal
